PODS:
  - Flutter (1.0.0)
  - flutter_mdns_plugin (0.0.1):
    - Flutter
  - flutter_webrtc (0.0.1):
    - Flutter
    - Libyuv (= 1703)
  - Libyuv (1703)
  - path_provider_foundation (0.0.1):
    - Flutter
    - FlutterMacOS
  - shared_preferences_foundation (0.0.1):
    - Flutter
    - FlutterMacOS
  - video_player_avfoundation (0.0.1):
    - Flutter
    - FlutterMacOS

DEPENDENCIES:
  - Flutter (from `Flutter`)
  - flutter_mdns_plugin (from `.symlinks/plugins/flutter_mdns_plugin/ios`)
  - flutter_webrtc (from `.symlinks/plugins/flutter_webrtc/ios`)
  - path_provider_foundation (from `.symlinks/plugins/path_provider_foundation/darwin`)
  - shared_preferences_foundation (from `.symlinks/plugins/shared_preferences_foundation/darwin`)
  - video_player_avfoundation (from `.symlinks/plugins/video_player_avfoundation/darwin`)

SPEC REPOS:
  trunk:
    - Libyuv

EXTERNAL SOURCES:
  Flutter:
    :path: Flutter
  flutter_mdns_plugin:
    :path: ".symlinks/plugins/flutter_mdns_plugin/ios"
  flutter_webrtc:
    :path: ".symlinks/plugins/flutter_webrtc/ios"
  path_provider_foundation:
    :path: ".symlinks/plugins/path_provider_foundation/darwin"
  shared_preferences_foundation:
    :path: ".symlinks/plugins/shared_preferences_foundation/darwin"
  video_player_avfoundation:
    :path: ".symlinks/plugins/video_player_avfoundation/darwin"

SPEC CHECKSUMS:
  Flutter: cabc95a1d2626b1b06e7179b784ebcf0c0cde467
  flutter_mdns_plugin: 2c0b5650c437d2602487f1ac274eed5dfa4542ff
  flutter_webrtc: fb3877cf7a8d43aa8d0ef43522759af9dea45418
  Libyuv: 5f79ced0ee66e60a612ca97de1e6ccacd187a437
  path_provider_foundation: 080d55be775b7414fd5a5ef3ac137b97b097e564
  shared_preferences_foundation: 9e1978ff2562383bd5676f64ec4e9aa8fa06a6f7
  video_player_avfoundation: 2cef49524dd1f16c5300b9cd6efd9611ce03639b

PODFILE CHECKSUM: 0210a8b7743178e85f5b852d1744d45c733604e4

COCOAPODS: 1.16.2
